Microsoft Visual Studio Solution File, Format Version 12.00
# Visual Studio Version 17
VisualStudioVersion = 17.5.2.0
MinimumVisualStudioVersion = 10.0.40219.1
Project("{FAE04EC0-301F-11D3-BF4B-00C04F79EFBC}") = "Presentation", "Backend\Presentation\Presentation.csproj", "{B5CEE1AB-68C5-FCEC-EA61-653FFB609ED2}"
EndProject
Project("{FAE04EC0-301F-11D3-BF4B-00C04F79EFBC}") = "Domain", "Backend\Domain\Domain.csproj", "{E63424A1-750C-4AA6-87F4-59A074EC3E74}"
EndProject
Project("{FAE04EC0-301F-11D3-BF4B-00C04F79EFBC}") = "Infrastructure", "Backend\Infrastructure\Infrastructure.csproj", "{70012A75-4A9C-46D3-B44C-9B3315F7D444}"
EndProject
Project("{FAE04EC0-301F-11D3-BF4B-00C04F79EFBC}") = "Application", "Backend\Application\Application.csproj", "{0520BAED-D2CD-45F4-A7B9-3E1645BD3B9B}"
EndProject
Global
	GlobalSection(SolutionConfigurationPlatforms) = preSolution
		Debug|Any CPU = Debug|Any CPU
		Release|Any CPU = Release|Any CPU
	EndGlobalSection
	GlobalSection(ProjectConfigurationPlatforms) = postSolution
		{B5CEE1AB-68C5-FCEC-EA61-653FFB609ED2}.Debug|Any CPU.ActiveCfg = Debug|Any CPU
		{B5CEE1AB-68C5-FCEC-EA61-653FFB609ED2}.Debug|Any CPU.Build.0 = Debug|Any CPU
		{B5CEE1AB-68C5-FCEC-EA61-653FFB609ED2}.Release|Any CPU.ActiveCfg = Release|Any CPU
		{B5CEE1AB-68C5-FCEC-EA61-653FFB609ED2}.Release|Any CPU.Build.0 = Release|Any CPU
		{E63424A1-750C-4AA6-87F4-59A074EC3E74}.Debug|Any CPU.ActiveCfg = Debug|Any CPU
		{E63424A1-750C-4AA6-87F4-59A074EC3E74}.Debug|Any CPU.Build.0 = Debug|Any CPU
		{E63424A1-750C-4AA6-87F4-59A074EC3E74}.Release|Any CPU.ActiveCfg = Release|Any CPU
		{E63424A1-750C-4AA6-87F4-59A074EC3E74}.Release|Any CPU.Build.0 = Release|Any CPU
		{70012A75-4A9C-46D3-B44C-9B3315F7D444}.Debug|Any CPU.ActiveCfg = Debug|Any CPU
		{70012A75-4A9C-46D3-B44C-9B3315F7D444}.Debug|Any CPU.Build.0 = Debug|Any CPU
		{70012A75-4A9C-46D3-B44C-9B3315F7D444}.Release|Any CPU.ActiveCfg = Release|Any CPU
		{70012A75-4A9C-46D3-B44C-9B3315F7D444}.Release|Any CPU.Build.0 = Release|Any CPU
		{0520BAED-D2CD-45F4-A7B9-3E1645BD3B9B}.Debug|Any CPU.ActiveCfg = Debug|Any CPU
		{0520BAED-D2CD-45F4-A7B9-3E1645BD3B9B}.Debug|Any CPU.Build.0 = Debug|Any CPU
		{0520BAED-D2CD-45F4-A7B9-3E1645BD3B9B}.Release|Any CPU.ActiveCfg = Release|Any CPU
		{0520BAED-D2CD-45F4-A7B9-3E1645BD3B9B}.Release|Any CPU.Build.0 = Release|Any CPU
	EndGlobalSection
	GlobalSection(SolutionProperties) = preSolution
		HideSolutionNode = FALSE
	EndGlobalSection
	GlobalSection(ExtensibilityGlobals) = postSolution
		SolutionGuid = {FF0DA6B5-1A17-41A0-996D-B7D4A33BB4A7}
	EndGlobalSection
EndGlobal
